Microsoft Visual Studio Solution File, Format Version 12.00
# Visual Studio Version 17
VisualStudioVersion = 17.5.2.0
MinimumVisualStudioVersion = 10.0.40219.1
Project("{FAE04EC0-301F-11D3-BF4B-00C04F79EFBC}") = "reto-backend", "reto-backend\reto-backend.csproj", "{DE459177-5CB9-7E7D-404D-7593E0C5556B}"
EndProject
Global
	GlobalSection(SolutionConfigurationPlatforms) = preSolution
		Debug|Any CPU = Debug|Any CPU
		Release|Any CPU = Release|Any CPU
	EndGlobalSection
	GlobalSection(ProjectConfigurationPlatforms) = postSolution
		{DE459177-5CB9-7E7D-404D-7593E0C5556B}.Debug|Any CPU.ActiveCfg = Debug|Any CPU
		{DE459177-5CB9-7E7D-404D-7593E0C5556B}.Debug|Any CPU.Build.0 = Debug|Any CPU
		{DE459177-5CB9-7E7D-404D-7593E0C5556B}.Release|Any CPU.ActiveCfg = Release|Any CPU
		{DE459177-5CB9-7E7D-404D-7593E0C5556B}.Release|Any CPU.Build.0 = Release|Any CPU
	EndGlobalSection
	GlobalSection(SolutionProperties) = preSolution
		HideSolutionNode = FALSE
	EndGlobalSection
	GlobalSection(ExtensibilityGlobals) = postSolution
		SolutionGuid = {C5DCFD81-8383-4697-BF2D-8B6179D34D55}
	EndGlobalSection
EndGlobal
